{
  "name": "ai-automated-code-review-frontend",
  "version": "0.0.0",
  "lockfileVersion": 3,
  "requires": true,
  "packages": {
    "": {
      "name": "ai-automated-code-review-frontend",
      "version": "0.0.0",
      "dependencies": {
        "@reduxjs/toolkit": "^2.6.1",
        "@types/axios": "^0.9.36",
        "axios": "^1.9.0",
        "framer-motion": "^12.11.3",
        "react": "^19.0.0",
        "react-dom": "^19.0.0",
        "react-icons": "^5.5.0",
        "react-redux": "^9.2.0",
        "react-router-dom": "^7.4.1"
      },
      "devDependencies": {
        "@eslint/js": "^9.21.0",
        "@tailwindcss/postcss": "^4.1.0",
        "@testing-library/jest-dom": "^6.7.0",
        "@testing-library/react": "^16.3.0",
        "@testing-library/user-event": "^14.6.1",
        "@types/node": "^22.15.18",
        "@types/react": "^19.0.10",
        "@types/react-dom": "^19.0.4",
        "@vitejs/plugin-react-swc": "^3.8.1",
        "@vitest/coverage-istanbul": "^3.2.4",
        "@vitest/coverage-v8": "^3.2.4",
        "autoprefixer": "^9.8.8",
        "eslint": "^9.21.0",
        "eslint-plugin-react-hooks": "^5.1.0",
        "eslint-plugin-react-refresh": "^0.4.19",
        "globals": "^15.15.0",
        "jsdom": "^26.1.0",
        "postcss": "^7.0.39",
        "tailwindcss": "npm:@tailwindcss/postcss7-compat@^2.2.17",
        "typescript": "~5.7.2",
        "typescript-eslint": "^8.24.1",
        "vite": "^6.2.0",
        "vitest": "^3.2.4"
      }
    },
    "node_modules/@adobe/css-tools": {
      "version": "4.4.4",
      "resolved": "https://registry.npmjs.org/@adobe/css-tools/-/css-tools-4.4.4.tgz",
      "integrity": "sha512-Elp+iwUx5rN5+Y8xLt5/GRoG20WGoDCQ/1Fb+1LiGtvwbDavuSk0jhD/eZdckHAuzcDzccnkv+rEjyWfRx18gg==",
      "dev": true,
      "license": "MIT"
    },
    "node_modules/@alloc/quick-lru": {
      "version": "5.2.0",
      "resolved": "https://registry.npmjs.org/@alloc/quick-lru/-/quick-lru-5.2.0.tgz",
      "integrity": "sha512-UrcABB+4bUrFABwbluTIBErXwvbsU/V7TZWfmbgJfbkwiBuziS9gxdODUyuiecfdGQ85jglMW6juS3+z5TsKLw==",
      "dev": true,
      "license": "MIT",
      "engines": {
        "node": ">=10"
      },
      "funding": {
        "url": "https://github.com/sponsors/sindresorhus"
      }
    },
    "node_modules/@ampproject/remapping": {
      "version": "2.3.0",
      "resolved": "https://registry.npmjs.org/@ampproject/remapping/-/remapping-2.3.0.tgz",
      "integrity": "sha512-30iZtAPgz+LTIYoeivqYo853f02jBYSd5uGnGpkFV0M3xOt9aN73erkgYAmZU43x4VfqcnLxW9Kpg3R5LC4YYw==",
      "dev": true,
      "license": "Apache-2.0",
      "dependencies": {
        "@jridgewell/gen-mapping": "^0.3.5",
        "@jridgewell/trace-mapping": "^0.3.24"
      },
      "engines": {
        "node": ">=6.0.0"
      }
    },
    "node_modules/@asamuzakjp/css-color": {
